// !$*UTF8*$!
{
	archiveVersion = 1;
	classes = {
	};
	objectVersion = 55;
	objects = {

/* Begin PBXBuildFile section */
		5B232D77273D8E4300C157BE /* SplashView.swift in Sources */ = {isa = PBXBuildFile; fileRef = 5B232D76273D8E4300C157BE /* SplashView.swift */; };
		5B232D7C273DB18600C157BE /* ProfileModel.swift in Sources */ = {isa = PBXBuildFile; fileRef = 5B232D7B273DB18600C157BE /* ProfileModel.swift */; };
		5B232D7F273DBEA900C157BE /* ConditionalModifier.swift in Sources */ = {isa = PBXBuildFile; fileRef = 5B232D7E273DBEA800C157BE /* ConditionalModifier.swift */; };
		5B290318273AF45300F52700 /* DashboardView.swift in Sources */ = {isa = PBXBuildFile; fileRef = 5B290317273AF45300F52700 /* DashboardView.swift */; };
		5B2AB098274EB9BC0001B90C /* DesempenhoDetalheView.swift in Sources */ = {isa = PBXBuildFile; fileRef = 5B2AB097274EB9BC0001B90C /* DesempenhoDetalheView.swift */; };
		5B2CF1CE27480DF6004D2A50 /* FinishMenuView.swift in Sources */ = {isa = PBXBuildFile; fileRef = 5B2CF1CD27480DF6004D2A50 /* FinishMenuView.swift */; };
		5B2CF1D027480F74004D2A50 /* TeacherRegisterView.swift in Sources */ = {isa = PBXBuildFile; fileRef = 5B2CF1CF27480F74004D2A50 /* TeacherRegisterView.swift */; };
		5B2CF1D227481B13004D2A50 /* Game.swift in Sources */ = {isa = PBXBuildFile; fileRef = 5B2CF1D127481B13004D2A50 /* Game.swift */; };
		5B2CF1D427482555004D2A50 /* PlaceholderModifier.swift in Sources */ = {isa = PBXBuildFile; fileRef = 5B2CF1D327482555004D2A50 /* PlaceholderModifier.swift */; };
		5B2CF1D627483E16004D2A50 /* RegisterView.swift in Sources */ = {isa = PBXBuildFile; fileRef = 5B2CF1D527483E16004D2A50 /* RegisterView.swift */; };
		5B2CF1D827484146004D2A50 /* RecordModel.swift in Sources */ = {isa = PBXBuildFile; fileRef = 5B2CF1D727484146004D2A50 /* RecordModel.swift */; };
		5B2CFAD4274C10A600239705 /* BackgroundBlurView.swift in Sources */ = {isa = PBXBuildFile; fileRef = 5B2CFAD3274C10A600239705 /* BackgroundBlurView.swift */; };
		5B31D8B327457A090066FE4F /* GameFinishView.swift in Sources */ = {isa = PBXBuildFile; fileRef = 5B31D8B227457A090066FE4F /* GameFinishView.swift */; };
		5B31D8B5274581EB0066FE4F /* RecordManager.swift in Sources */ = {isa = PBXBuildFile; fileRef = 5B31D8B4274581EB0066FE4F /* RecordManager.swift */; };
		5B5BF03D273C50640045AAEB /* DashboardManager.swift in Sources */ = {isa = PBXBuildFile; fileRef = 5B5BF03C273C50640045AAEB /* DashboardManager.swift */; };
		5B5BF03F273C5BC90045AAEB /* GameCoverModel.swift in Sources */ = {isa = PBXBuildFile; fileRef = 5B5BF03E273C5BC90045AAEB /* GameCoverModel.swift */; };
		5B5BF042273C66760045AAEB /* ProfileView.swift in Sources */ = {isa = PBXBuildFile; fileRef = 5B5BF041273C66760045AAEB /* ProfileView.swift */; };
		5B5BF044273C70D70045AAEB /* ProfileManager.swift in Sources */ = {isa = PBXBuildFile; fileRef = 5B5BF043273C70D70045AAEB /* ProfileManager.swift */; };
		FA08CFA52745562F003A8ED6 /* GameDashboardView.swift in Sources */ = {isa = PBXBuildFile; fileRef = FA08CFA42745562F003A8ED6 /* GameDashboardView.swift */; };
		FA08CFA927457B90003A8ED6 /* NavAppearenceModifier.swift in Sources */ = {isa = PBXBuildFile; fileRef = FA08CFA827457B90003A8ED6 /* NavAppearenceModifier.swift */; };
		FA21EAD4274D37DC0009AAC0 /* RightPannelView.swift in Sources */ = {isa = PBXBuildFile; fileRef = FA21EAD3274D37DC0009AAC0 /* RightPannelView.swift */; };
		FA21EAD6274D3B0B0009AAC0 /* LeftPannelView.swift in Sources */ = {isa = PBXBuildFile; fileRef = FA21EAD5274D3B0B0009AAC0 /* LeftPannelView.swift */; };
		FA21EAD8274D3BCB0009AAC0 /* BackgroundColorPickerView.swift in Sources */ = {isa = PBXBuildFile; fileRef = FA21EAD7274D3BCB0009AAC0 /* BackgroundColorPickerView.swift */; };
		FA21EADA274D4DDE0009AAC0 /* ColorPickerView.swift in Sources */ = {isa = PBXBuildFile; fileRef = FA21EAD9274D4DDE0009AAC0 /* ColorPickerView.swift */; };
		FA261AB2274818AC00890053 /* QuebraCabecaProgressView.swift in Sources */ = {isa = PBXBuildFile; fileRef = FA261AB1274818AC00890053 /* QuebraCabecaProgressView.swift */; };
		FA26D8482767709D00086AD8 /* ViewWillDisapearModifier.swift in Sources */ = {isa = PBXBuildFile; fileRef = FA26D8472767709D00086AD8 /* ViewWillDisapearModifier.swift */; };
		FA26D84A27678D0B00086AD8 /* ProfileHeader.swift in Sources */ = {isa = PBXBuildFile; fileRef = FA26D84927678D0B00086AD8 /* ProfileHeader.swift */; };
		FA28F5D527431FDD00B128C3 /* QuebraCabecaPreview.swift in Sources */ = {isa = PBXBuildFile; fileRef = FA28F5D427431FDD00B128C3 /* QuebraCabecaPreview.swift */; };
		FA2A3C372744178E00DD26AA /* PuzzlePieceManager.swift in Sources */ = {isa = PBXBuildFile; fileRef = FA2A3C362744178E00DD26AA /* PuzzlePieceManager.swift */; };
		FA2A3C39274417C100DD26AA /* PuzzleManager.swift in Sources */ = {isa = PBXBuildFile; fileRef = FA2A3C38274417C100DD26AA /* PuzzleManager.swift */; };
		FA2A3C3D274419B000DD26AA /* PuzzleConfiguration.swift in Sources */ = {isa = PBXBuildFile; fileRef = FA2A3C3C274419B000DD26AA /* PuzzleConfiguration.swift */; };
		FA2A3C3F274419DA00DD26AA /* PuzzleBoardView.swift in Sources */ = {isa = PBXBuildFile; fileRef = FA2A3C3E274419DA00DD26AA /* PuzzleBoardView.swift */; };
		FA2A3C4127441A0600DD26AA /* PuzzlePieceView.swift in Sources */ = {isa = PBXBuildFile; fileRef = FA2A3C4027441A0600DD26AA /* PuzzlePieceView.swift */; };
		FA2AE7C12763DBEE005A153A /* OrderedModifier.swift in Sources */ = {isa = PBXBuildFile; fileRef = FA2AE7C02763DBEE005A153A /* OrderedModifier.swift */; };
		FA2AE7C32763E211005A153A /* PickerSettingsView.swift in Sources */ = {isa = PBXBuildFile; fileRef = FA2AE7C22763E211005A153A /* PickerSettingsView.swift */; };
		FA2C15442760EDC5003C7235 /* RoundedCornerModifier.swift in Sources */ = {isa = PBXBuildFile; fileRef = FA2C15432760EDC5003C7235 /* RoundedCornerModifier.swift */; };
		FA2C15462760EE38003C7235 /* SatisfactionIndicator.swift in Sources */ = {isa = PBXBuildFile; fileRef = FA2C15452760EE38003C7235 /* SatisfactionIndicator.swift */; };
		FA2C154A27612368003C7235 /* CardifyModifier.swift in Sources */ = {isa = PBXBuildFile; fileRef = FA2C154927612368003C7235 /* CardifyModifier.swift */; };
		FA2C155027612790003C7235 /* BlockedModifier.swift in Sources */ = {isa = PBXBuildFile; fileRef = FA2C154F27612790003C7235 /* BlockedModifier.swift */; };
		FA2C155327622E5B003C7235 /* DragAndDropGame.swift in Sources */ = {isa = PBXBuildFile; fileRef = FA2C155227622E5B003C7235 /* DragAndDropGame.swift */; };
		FA308120273D079B007D94D2 /* Puzzle.swift in Sources */ = {isa = PBXBuildFile; fileRef = FA30811F273D079B007D94D2 /* Puzzle.swift */; };
		FA308128273D652D007D94D2 /* QuebraCabecaGameView.swift in Sources */ = {isa = PBXBuildFile; fileRef = FA308127273D652D007D94D2 /* QuebraCabecaGameView.swift */; };
		FA34DE492746DB4B00559930 /* ToggleSettingView.swift in Sources */ = {isa = PBXBuildFile; fileRef = FA34DE482746DB4B00559930 /* ToggleSettingView.swift */; };
		FA49159F27396B1D004F410B /* QuebraCabecaStartView.swift in Sources */ = {isa = PBXBuildFile; fileRef = FA49159E27396B1D004F410B /* QuebraCabecaStartView.swift */; };
		FA4EB1042735A4870027D188 /* Mini3App.swift in Sources */ = {isa = PBXBuildFile; fileRef = FA4EB1032735A4870027D188 /* Mini3App.swift */; };
		FA4EB1062735A4870027D188 /* ContentView.swift in Sources */ = {isa = PBXBuildFile; fileRef = FA4EB1052735A4870027D188 /* ContentView.swift */; };
		FA4EB1082735A48A0027D188 /* Assets.xcassets in Resources */ = {isa = PBXBuildFile; fileRef = FA4EB1072735A48A0027D188 /* Assets.xcassets */; };
		FA4EB10B2735A48A0027D188 /* Preview Assets.xcassets in Resources */ = {isa = PBXBuildFile; fileRef = FA4EB10A2735A48A0027D188 /* Preview Assets.xcassets */; };
		FA4EB1162735B2C90027D188 /* QuebraCabecaSettingsView.swift in Sources */ = {isa = PBXBuildFile; fileRef = FA4EB1152735B2C80027D188 /* QuebraCabecaSettingsView.swift */; };
		FA4EB1182735B85E0027D188 /* QuebraCabecaImagePickerView.swift in Sources */ = {isa = PBXBuildFile; fileRef = FA4EB1172735B85E0027D188 /* QuebraCabecaImagePickerView.swift */; };
		FA4EB11C2735BB130027D188 /* ImagePicker.swift in Sources */ = {isa = PBXBuildFile; fileRef = FA4EB11B2735BB130027D188 /* ImagePicker.swift */; };
		FA5EB902275A905700B907F1 /* GameCard.swift in Sources */ = {isa = PBXBuildFile; fileRef = FA5EB901275A905700B907F1 /* GameCard.swift */; };
		FA7D6B1027580A6C005112FB /* SelectedProfileManager.swift in Sources */ = {isa = PBXBuildFile; fileRef = FA7D6B0F27580A6C005112FB /* SelectedProfileManager.swift */; };
		FA9356FE273999550005776C /* ImageExtension.swift in Sources */ = {isa = PBXBuildFile; fileRef = FA9356FD273999550005776C /* ImageExtension.swift */; };
		FADE63D4274C10E200F0E8E9 /* tiruliru.wav in Resources */ = {isa = PBXBuildFile; fileRef = FADE63D1274C10E200F0E8E9 /* tiruliru.wav */; };
		FADE63D5274C10E200F0E8E9 /* mimimimimi.wav in Resources */ = {isa = PBXBuildFile; fileRef = FADE63D2274C10E200F0E8E9 /* mimimimimi.wav */; };
		FADE63D6274C10E200F0E8E9 /* ptu.wav in Resources */ = {isa = PBXBuildFile; fileRef = FADE63D3274C10E200F0E8E9 /* ptu.wav */; };
		FADE63D8274C11B100F0E8E9 /* PlaySoundMethod.swift in Sources */ = {isa = PBXBuildFile; fileRef = FADE63D7274C11B100F0E8E9 /* PlaySoundMethod.swift */; };
/* End PBXBuildFile section */

/* Begin PBXFileReference section */
		5B232D76273D8E4300C157BE /* SplashView.swift */ = {isa = PBXFileReference; lastKnownFileType = sourcecode.swift; path = SplashView.swift; sourceTree = "<group>"; };
		5B232D7B273DB18600C157BE /* ProfileModel.swift */ = {isa = PBXFileReference; lastKnownFileType = sourcecode.swift; path = ProfileModel.swift; sourceTree = "<group>"; };
		5B232D7E273DBEA800C157BE /* ConditionalModifier.swift */ = {isa = PBXFileReference; lastKnownFileType = sourcecode.swift; path = ConditionalModifier.swift; sourceTree = "<group>"; };
		5B290317273AF45300F52700 /* DashboardView.swift */ = {isa = PBXFileReference; lastKnownFileType = sourcecode.swift; path = DashboardView.swift; sourceTree = "<group>"; };
		5B2AB097274EB9BC0001B90C /* DesempenhoDetalheView.swift */ = {isa = PBXFileReference; lastKnownFileType = sourcecode.swift; path = DesempenhoDetalheView.swift; sourceTree = "<group>"; };
		5B2CF1CD27480DF6004D2A50 /* FinishMenuView.swift */ = {isa = PBXFileReference; lastKnownFileType = sourcecode.swift; path = FinishMenuView.swift; sourceTree = "<group>"; };
		5B2CF1CF27480F74004D2A50 /* TeacherRegisterView.swift */ = {isa = PBXFileReference; lastKnownFileType = sourcecode.swift; path = TeacherRegisterView.swift; sourceTree = "<group>"; };
		5B2CF1D127481B13004D2A50 /* Game.swift */ = {isa = PBXFileReference; lastKnownFileType = sourcecode.swift; path = Game.swift; sourceTree = "<group>"; };
		5B2CF1D327482555004D2A50 /* PlaceholderModifier.swift */ = {isa = PBXFileReference; lastKnownFileType = sourcecode.swift; path = PlaceholderModifier.swift; sourceTree = "<group>"; };
		5B2CF1D527483E16004D2A50 /* RegisterView.swift */ = {isa = PBXFileReference; lastKnownFileType = sourcecode.swift; path = RegisterView.swift; sourceTree = "<group>"; };
		5B2CF1D727484146004D2A50 /* RecordModel.swift */ = {isa = PBXFileReference; lastKnownFileType = sourcecode.swift; path = RecordModel.swift; sourceTree = "<group>"; };
		5B2CFAD3274C10A600239705 /* BackgroundBlurView.swift */ = {isa = PBXFileReference; lastKnownFileType = sourcecode.swift; path = BackgroundBlurView.swift; sourceTree = "<group>"; };
		5B31D8B227457A090066FE4F /* GameFinishView.swift */ = {isa = PBXFileReference; lastKnownFileType = sourcecode.swift; path = GameFinishView.swift; sourceTree = "<group>"; };
		5B31D8B4274581EB0066FE4F /* RecordManager.swift */ = {isa = PBXFileReference; lastKnownFileType = sourcecode.swift; path = RecordManager.swift; sourceTree = "<group>"; };
		5B5BF03C273C50640045AAEB /* DashboardManager.swift */ = {isa = PBXFileReference; lastKnownFileType = sourcecode.swift; path = DashboardManager.swift; sourceTree = "<group>"; };
		5B5BF03E273C5BC90045AAEB /* GameCoverModel.swift */ = {isa = PBXFileReference; lastKnownFileType = sourcecode.swift; path = GameCoverModel.swift; sourceTree = "<group>"; };
		5B5BF041273C66760045AAEB /* ProfileView.swift */ = {isa = PBXFileReference; lastKnownFileType = sourcecode.swift; path = ProfileView.swift; sourceTree = "<group>"; };
		5B5BF043273C70D70045AAEB /* ProfileManager.swift */ = {isa = PBXFileReference; lastKnownFileType = sourcecode.swift; path = ProfileManager.swift; sourceTree = "<group>"; };
		FA08CFA42745562F003A8ED6 /* GameDashboardView.swift */ = {isa = PBXFileReference; lastKnownFileType = sourcecode.swift; path = GameDashboardView.swift; sourceTree = "<group>"; };
		FA08CFA827457B90003A8ED6 /* NavAppearenceModifier.swift */ = {isa = PBXFileReference; lastKnownFileType = sourcecode.swift; path = NavAppearenceModifier.swift; sourceTree = "<group>"; };
		FA21EAD3274D37DC0009AAC0 /* RightPannelView.swift */ = {isa = PBXFileReference; lastKnownFileType = sourcecode.swift; path = RightPannelView.swift; sourceTree = "<group>"; };
		FA21EAD5274D3B0B0009AAC0 /* LeftPannelView.swift */ = {isa = PBXFileReference; lastKnownFileType = sourcecode.swift; path = LeftPannelView.swift; sourceTree = "<group>"; };
		FA21EAD7274D3BCB0009AAC0 /* BackgroundColorPickerView.swift */ = {isa = PBXFileReference; lastKnownFileType = sourcecode.swift; path = BackgroundColorPickerView.swift; sourceTree = "<group>"; };
		FA21EAD9274D4DDE0009AAC0 /* ColorPickerView.swift */ = {isa = PBXFileReference; lastKnownFileType = sourcecode.swift; path = ColorPickerView.swift; sourceTree = "<group>"; };
		FA261AB1274818AC00890053 /* QuebraCabecaProgressView.swift */ = {isa = PBXFileReference; lastKnownFileType = sourcecode.swift; path = QuebraCabecaProgressView.swift; sourceTree = "<group>"; };
		FA26D8472767709D00086AD8 /* ViewWillDisapearModifier.swift */ = {isa = PBXFileReference; lastKnownFileType = sourcecode.swift; path = ViewWillDisapearModifier.swift; sourceTree = "<group>"; };
		FA26D84927678D0B00086AD8 /* ProfileHeader.swift */ = {isa = PBXFileReference; lastKnownFileType = sourcecode.swift; path = ProfileHeader.swift; sourceTree = "<group>"; };
		FA28F5D427431FDD00B128C3 /* QuebraCabecaPreview.swift */ = {isa = PBXFileReference; lastKnownFileType = sourcecode.swift; path = QuebraCabecaPreview.swift; sourceTree = "<group>"; };
		FA2A3C362744178E00DD26AA /* PuzzlePieceManager.swift */ = {isa = PBXFileReference; lastKnownFileType = sourcecode.swift; path = PuzzlePieceManager.swift; sourceTree = "<group>"; };
		FA2A3C38274417C100DD26AA /* PuzzleManager.swift */ = {isa = PBXFileReference; lastKnownFileType = sourcecode.swift; path = PuzzleManager.swift; sourceTree = "<group>"; };
		FA2A3C3C274419B000DD26AA /* PuzzleConfiguration.swift */ = {isa = PBXFileReference; lastKnownFileType = sourcecode.swift; path = PuzzleConfiguration.swift; sourceTree = "<group>"; };
		FA2A3C3E274419DA00DD26AA /* PuzzleBoardView.swift */ = {isa = PBXFileReference; lastKnownFileType = sourcecode.swift; path = PuzzleBoardView.swift; sourceTree = "<group>"; };
		FA2A3C4027441A0600DD26AA /* PuzzlePieceView.swift */ = {isa = PBXFileReference; lastKnownFileType = sourcecode.swift; path = PuzzlePieceView.swift; sourceTree = "<group>"; };
		FA2AE7C02763DBEE005A153A /* OrderedModifier.swift */ = {isa = PBXFileReference; lastKnownFileType = sourcecode.swift; path = OrderedModifier.swift; sourceTree = "<group>"; };
		FA2AE7C22763E211005A153A /* PickerSettingsView.swift */ = {isa = PBXFileReference; lastKnownFileType = sourcecode.swift; path = PickerSettingsView.swift; sourceTree = "<group>"; };
		FA2C15432760EDC5003C7235 /* RoundedCornerModifier.swift */ = {isa = PBXFileReference; lastKnownFileType = sourcecode.swift; path = RoundedCornerModifier.swift; sourceTree = "<group>"; };
		FA2C15452760EE38003C7235 /* SatisfactionIndicator.swift */ = {isa = PBXFileReference; lastKnownFileType = sourcecode.swift; path = SatisfactionIndicator.swift; sourceTree = "<group>"; };
		FA2C154927612368003C7235 /* CardifyModifier.swift */ = {isa = PBXFileReference; lastKnownFileType = sourcecode.swift; path = CardifyModifier.swift; sourceTree = "<group>"; };
		FA2C154F27612790003C7235 /* BlockedModifier.swift */ = {isa = PBXFileReference; lastKnownFileType = sourcecode.swift; path = BlockedModifier.swift; sourceTree = "<group>"; };
		FA2C155227622E5B003C7235 /* DragAndDropGame.swift */ = {isa = PBXFileReference; lastKnownFileType = sourcecode.swift; path = DragAndDropGame.swift; sourceTree = "<group>"; };
		FA30811F273D079B007D94D2 /* Puzzle.swift */ = {isa = PBXFileReference; lastKnownFileType = sourcecode.swift; path = Puzzle.swift; sourceTree = "<group>"; };
		FA308127273D652D007D94D2 /* QuebraCabecaGameView.swift */ = {isa = PBXFileReference; lastKnownFileType = sourcecode.swift; path = QuebraCabecaGameView.swift; sourceTree = "<group>"; };
		FA308129273DA6CE007D94D2 /* Info.plist */ = {isa = PBXFileReference; lastKnownFileType = text.plist; path = Info.plist; sourceTree = "<group>"; };
		FA34DE482746DB4B00559930 /* ToggleSettingView.swift */ = {isa = PBXFileReference; lastKnownFileType = sourcecode.swift; path = ToggleSettingView.swift; sourceTree = "<group>"; };
		FA49159E27396B1D004F410B /* QuebraCabecaStartView.swift */ = {isa = PBXFileReference; lastKnownFileType = sourcecode.swift; path = QuebraCabecaStartView.swift; sourceTree = "<group>"; };
		FA4EB1002735A4870027D188 /* Mini3.app */ = {isa = PBXFileReference; explicitFileType = wrapper.application; includeInIndex = 0; path = Mini3.app; sourceTree = BUILT_PRODUCTS_DIR; };
		FA4EB1032735A4870027D188 /* Mini3App.swift */ = {isa = PBXFileReference; lastKnownFileType = sourcecode.swift; path = Mini3App.swift; sourceTree = "<group>"; };
		FA4EB1052735A4870027D188 /* ContentView.swift */ = {isa = PBXFileReference; lastKnownFileType = sourcecode.swift; path = ContentView.swift; sourceTree = "<group>"; };
		FA4EB1072735A48A0027D188 /* Assets.xcassets */ = {isa = PBXFileReference; lastKnownFileType = folder.assetcatalog; path = Assets.xcassets; sourceTree = "<group>"; };
		FA4EB10A2735A48A0027D188 /* Preview Assets.xcassets */ = {isa = PBXFileReference; lastKnownFileType = folder.assetcatalog; path = "Preview Assets.xcassets"; sourceTree = "<group>"; };
		FA4EB1152735B2C80027D188 /* QuebraCabecaSettingsView.swift */ = {isa = PBXFileReference; lastKnownFileType = sourcecode.swift; path = QuebraCabecaSettingsView.swift; sourceTree = "<group>"; };
		FA4EB1172735B85E0027D188 /* QuebraCabecaImagePickerView.swift */ = {isa = PBXFileReference; lastKnownFileType = sourcecode.swift; path = QuebraCabecaImagePickerView.swift; sourceTree = "<group>"; };
		FA4EB11B2735BB130027D188 /* ImagePicker.swift */ = {isa = PBXFileReference; lastKnownFileType = sourcecode.swift; path = ImagePicker.swift; sourceTree = "<group>"; };
		FA5EB901275A905700B907F1 /* GameCard.swift */ = {isa = PBXFileReference; lastKnownFileType = sourcecode.swift; path = GameCard.swift; sourceTree = "<group>"; };
		FA7D6B0F27580A6C005112FB /* SelectedProfileManager.swift */ = {isa = PBXFileReference; lastKnownFileType = sourcecode.swift; path = SelectedProfileManager.swift; sourceTree = "<group>"; };
		FA9356FD273999550005776C /* ImageExtension.swift */ = {isa = PBXFileReference; lastKnownFileType = sourcecode.swift; path = ImageExtension.swift; sourceTree = "<group>"; };
		FADE63D1274C10E200F0E8E9 /* tiruliru.wav */ = {isa = PBXFileReference; lastKnownFileType = audio.wav; path = tiruliru.wav; sourceTree = "<group>"; };
		FADE63D2274C10E200F0E8E9 /* mimimimimi.wav */ = {isa = PBXFileReference; lastKnownFileType = audio.wav; path = mimimimimi.wav; sourceTree = "<group>"; };
		FADE63D3274C10E200F0E8E9 /* ptu.wav */ = {isa = PBXFileReference; lastKnownFileType = audio.wav; path = ptu.wav; sourceTree = "<group>"; };
		FADE63D7274C11B100F0E8E9 /* PlaySoundMethod.swift */ = {isa = PBXFileReference; lastKnownFileType = sourcecode.swift; path = PlaySoundMethod.swift; sourceTree = "<group>"; };
/* End PBXFileReference section */

/* Begin PBXFrameworksBuildPhase section */
		FA4EB0FD2735A4870027D188 /* Frameworks */ = {
			isa = PBXFrameworksBuildPhase;
			buildActionMask = 2147483647;
			files = (
			);
			runOnlyForDeploymentPostprocessing = 0;
		};
/* End PBXFrameworksBuildPhase section */

/* Begin PBXGroup section */
		5B232D7D273DBE9800C157BE /* Extensions */ = {
			isa = PBXGroup;
			children = (
				FA9356FD273999550005776C /* ImageExtension.swift */,
				5B232D7E273DBEA800C157BE /* ConditionalModifier.swift */,
				5B2CF1D327482555004D2A50 /* PlaceholderModifier.swift */,
				FA08CFA827457B90003A8ED6 /* NavAppearenceModifier.swift */,
				FA2C15432760EDC5003C7235 /* RoundedCornerModifier.swift */,
				FA2C154927612368003C7235 /* CardifyModifier.swift */,
				FA2C154F27612790003C7235 /* BlockedModifier.swift */,
				FA2AE7C02763DBEE005A153A /* OrderedModifier.swift */,
				FA26D8472767709D00086AD8 /* ViewWillDisapearModifier.swift */,
			);
			path = Extensions;
			sourceTree = "<group>";
		};
		5B2CFAD2274C108F00239705 /* Effects */ = {
			isa = PBXGroup;
			children = (
				5B2CFAD3274C10A600239705 /* BackgroundBlurView.swift */,
			);
			path = Effects;
			sourceTree = "<group>";
		};
		5B5BF03B273C4FFD0045AAEB /* Manager */ = {
			isa = PBXGroup;
			children = (
				5B5BF03C273C50640045AAEB /* DashboardManager.swift */,
				5B5BF043273C70D70045AAEB /* ProfileManager.swift */,
				5B31D8B4274581EB0066FE4F /* RecordManager.swift */,
				FA7D6B0F27580A6C005112FB /* SelectedProfileManager.swift */,
			);
			path = Manager;
			sourceTree = "<group>";
		};
		5B5BF040273C5BD30045AAEB /* Model */ = {
			isa = PBXGroup;
			children = (
				5B2CF1D127481B13004D2A50 /* Game.swift */,
				5B5BF03E273C5BC90045AAEB /* GameCoverModel.swift */,
				5B232D7B273DB18600C157BE /* ProfileModel.swift */,
				5B2CF1D727484146004D2A50 /* RecordModel.swift */,
			);
			path = Model;
			sourceTree = "<group>";
		};
		5BE980B12746E23800A49498 /* Records */ = {
			isa = PBXGroup;
			children = (
				5B31D8B227457A090066FE4F /* GameFinishView.swift */,
				5B2CF1CD27480DF6004D2A50 /* FinishMenuView.swift */,
				5B2CF1CF27480F74004D2A50 /* TeacherRegisterView.swift */,
				5B2CF1D527483E16004D2A50 /* RegisterView.swift */,
			);
			path = Records;
			sourceTree = "<group>";
		};
		FA21EAD0274D379F0009AAC0 /* QuebraCabecaViews */ = {
			isa = PBXGroup;
			children = (
				FA49159E27396B1D004F410B /* QuebraCabecaStartView.swift */,
				FA4EB1172735B85E0027D188 /* QuebraCabecaImagePickerView.swift */,
				FA28F5D427431FDD00B128C3 /* QuebraCabecaPreview.swift */,
				FA4EB1152735B2C80027D188 /* QuebraCabecaSettingsView.swift */,
				FA308127273D652D007D94D2 /* QuebraCabecaGameView.swift */,
				FA261AB1274818AC00890053 /* QuebraCabecaProgressView.swift */,
				FA2A3C3E274419DA00DD26AA /* PuzzleBoardView.swift */,
				FA2A3C4027441A0600DD26AA /* PuzzlePieceView.swift */,
			);
			path = QuebraCabecaViews;
			sourceTree = "<group>";
		};
		FA21EAD1274D37BA0009AAC0 /* Profile */ = {
			isa = PBXGroup;
			children = (
				5B5BF041273C66760045AAEB /* ProfileView.swift */,
				FA21EAD3274D37DC0009AAC0 /* RightPannelView.swift */,
				FA21EAD5274D3B0B0009AAC0 /* LeftPannelView.swift */,
				FA21EAD7274D3BCB0009AAC0 /* BackgroundColorPickerView.swift */,
				FA21EAD9274D4DDE0009AAC0 /* ColorPickerView.swift */,
			);
			path = Profile;
			sourceTree = "<group>";
		};
		FA24B59B273C394C00364D00 /* Quebra-Cabeca */ = {
			isa = PBXGroup;
			children = (
				FA2A3C34274416F300DD26AA /* Model */,
				FA2A3C352744177D00DD26AA /* ViewModels */,
				FA2A3C33274416E400DD26AA /* Views */,
			);
			path = "Quebra-Cabeca";
			sourceTree = "<group>";
		};
		FA2A3C33274416E400DD26AA /* Views */ = {
			isa = PBXGroup;
			children = (
				FA21EAD0274D379F0009AAC0 /* QuebraCabecaViews */,
				FA34DE472746DB3300559930 /* SettingsViews */,
			);
			path = Views;
			sourceTree = "<group>";
		};
		FA2A3C34274416F300DD26AA /* Model */ = {
			isa = PBXGroup;
			children = (
				FA30811F273D079B007D94D2 /* Puzzle.swift */,
				FA2A3C3C274419B000DD26AA /* PuzzleConfiguration.swift */,
			);
			path = Model;
			sourceTree = "<group>";
		};
		FA2A3C352744177D00DD26AA /* ViewModels */ = {
			isa = PBXGroup;
			children = (
				FA2A3C362744178E00DD26AA /* PuzzlePieceManager.swift */,
				FA2A3C38274417C100DD26AA /* PuzzleManager.swift */,
			);
			path = ViewModels;
			sourceTree = "<group>";
		};
		FA2C155127622E2D003C7235 /* DragAndDropGame */ = {
			isa = PBXGroup;
			children = (
				FA2C155227622E5B003C7235 /* DragAndDropGame.swift */,
			);
			path = DragAndDropGame;
			sourceTree = "<group>";
		};
		FA34DE472746DB3300559930 /* SettingsViews */ = {
			isa = PBXGroup;
			children = (
				FA34DE482746DB4B00559930 /* ToggleSettingView.swift */,
				FA2AE7C22763E211005A153A /* PickerSettingsView.swift */,
			);
			path = SettingsViews;
			sourceTree = "<group>";
		};
		FA4EB0F72735A4870027D188 = {
			isa = PBXGroup;
			children = (
				FA4EB1022735A4870027D188 /* Mini3 */,
				FA4EB1012735A4870027D188 /* Products */,
			);
			sourceTree = "<group>";
		};
		FA4EB1012735A4870027D188 /* Products */ = {
			isa = PBXGroup;
			children = (
				FA4EB1002735A4870027D188 /* Mini3.app */,
			);
			name = Products;
			sourceTree = "<group>";
		};
		FA4EB1022735A4870027D188 /* Mini3 */ = {
			isa = PBXGroup;
			children = (
				FA5EB900275959DC00B907F1 /* Views */,
				FADE63D0274C10D500F0E8E9 /* Sounds */,
				5B2CFAD2274C108F00239705 /* Effects */,
				5B232D7D273DBE9800C157BE /* Extensions */,
				5B5BF040273C5BD30045AAEB /* Model */,
				5B5BF03B273C4FFD0045AAEB /* Manager */,
				FA308129273DA6CE007D94D2 /* Info.plist */,
				FA4EB1032735A4870027D188 /* Mini3App.swift */,
				FA4EB1052735A4870027D188 /* ContentView.swift */,
				FA4EB1072735A48A0027D188 /* Assets.xcassets */,
				FA4EB1092735A48A0027D188 /* Preview Content */,
				FA2C155127622E2D003C7235 /* DragAndDropGame */,
				FA24B59B273C394C00364D00 /* Quebra-Cabeca */,
				FA4EB11B2735BB130027D188 /* ImagePicker.swift */,
			);
			path = Mini3;
			sourceTree = "<group>";
		};
		FA4EB1092735A48A0027D188 /* Preview Content */ = {
			isa = PBXGroup;
			children = (
				FA4EB10A2735A48A0027D188 /* Preview Assets.xcassets */,
			);
			path = "Preview Content";
			sourceTree = "<group>";
		};
		FA5EB8FF275959C900B907F1 /* Dashboard */ = {
			isa = PBXGroup;
			children = (
				5B290317273AF45300F52700 /* DashboardView.swift */,
				FA26D84927678D0B00086AD8 /* ProfileHeader.swift */,
				FA08CFA42745562F003A8ED6 /* GameDashboardView.swift */,
				5B2AB097274EB9BC0001B90C /* DesempenhoDetalheView.swift */,
				FA5EB901275A905700B907F1 /* GameCard.swift */,
				FA2C15452760EE38003C7235 /* SatisfactionIndicator.swift */,
			);
			path = Dashboard;
			sourceTree = "<group>";
		};
		FA5EB900275959DC00B907F1 /* Views */ = {
			isa = PBXGroup;
			children = (
				5B232D76273D8E4300C157BE /* SplashView.swift */,
				FA5EB8FF275959C900B907F1 /* Dashboard */,
				FA21EAD1274D37BA0009AAC0 /* Profile */,
				5BE980B12746E23800A49498 /* Records */,
			);
			path = Views;
			sourceTree = "<group>";
		};
		FADE63D0274C10D500F0E8E9 /* Sounds */ = {
			isa = PBXGroup;
			children = (
				FADE63D7274C11B100F0E8E9 /* PlaySoundMethod.swift */,
				FADE63D2274C10E200F0E8E9 /* mimimimimi.wav */,
				FADE63D3274C10E200F0E8E9 /* ptu.wav */,
				FADE63D1274C10E200F0E8E9 /* tiruliru.wav */,
			);
			path = Sounds;
			sourceTree = "<group>";
		};
/* End PBXGroup section */

/* Begin PBXNativeTarget section */
		FA4EB0FF2735A4870027D188 /* Mini3 */ = {
			isa = PBXNativeTarget;
			buildConfigurationList = FA4EB10E2735A48A0027D188 /* Build configuration list for PBXNativeTarget "Mini3" */;
			buildPhases = (
				FA4EB0FC2735A4870027D188 /* Sources */,
				FA4EB0FD2735A4870027D188 /* Frameworks */,
				FA4EB0FE2735A4870027D188 /* Resources */,
			);
			buildRules = (
			);
			dependencies = (
			);
			name = Mini3;
			productName = Mini3;
			productReference = FA4EB1002735A4870027D188 /* Mini3.app */;
			productType = "com.apple.product-type.application";
		};
/* End PBXNativeTarget section */

/* Begin PBXProject section */
		FA4EB0F82735A4870027D188 /* Project object */ = {
			isa = PBXProject;
			attributes = {
				BuildIndependentTargetsInParallel = 1;
				LastSwiftUpdateCheck = 1300;
				LastUpgradeCheck = 1300;
				TargetAttributes = {
					FA4EB0FF2735A4870027D188 = {
						CreatedOnToolsVersion = 13.0;
					};
				};
			};
			buildConfigurationList = FA4EB0FB2735A4870027D188 /* Build configuration list for PBXProject "Mini3" */;
			compatibilityVersion = "Xcode 13.0";
			developmentRegion = en;
			hasScannedForEncodings = 0;
			knownRegions = (
				en,
				Base,
			);
			mainGroup = FA4EB0F72735A4870027D188;
			productRefGroup = FA4EB1012735A4870027D188 /* Products */;
			projectDirPath = "";
			projectRoot = "";
			targets = (
				FA4EB0FF2735A4870027D188 /* Mini3 */,
			);
		};
/* End PBXProject section */

/* Begin PBXResourcesBuildPhase section */
		FA4EB0FE2735A4870027D188 /* Resources */ = {
			isa = PBXResourcesBuildPhase;
			buildActionMask = 2147483647;
			files = (
				FADE63D5274C10E200F0E8E9 /* mimimimimi.wav in Resources */,
				FADE63D4274C10E200F0E8E9 /* tiruliru.wav in Resources */,
				FADE63D6274C10E200F0E8E9 /* ptu.wav in Resources */,
				FA4EB10B2735A48A0027D188 /* Preview Assets.xcassets in Resources */,
				FA4EB1082735A48A0027D188 /* Assets.xcassets in Resources */,
			);
			runOnlyForDeploymentPostprocessing = 0;
		};
/* End PBXResourcesBuildPhase section */

/* Begin PBXSourcesBuildPhase section */
		FA4EB0FC2735A4870027D188 /* Sources */ = {
			isa = PBXSourcesBuildPhase;
			buildActionMask = 2147483647;
			files = (
				5B2CF1D627483E16004D2A50 /* RegisterView.swift in Sources */,
				FA21EAD6274D3B0B0009AAC0 /* LeftPannelView.swift in Sources */,
				FA21EAD8274D3BCB0009AAC0 /* BackgroundColorPickerView.swift in Sources */,
				FA308120273D079B007D94D2 /* Puzzle.swift in Sources */,
				FA2A3C39274417C100DD26AA /* PuzzleManager.swift in Sources */,
				FA2AE7C32763E211005A153A /* PickerSettingsView.swift in Sources */,
				FA4EB1162735B2C90027D188 /* QuebraCabecaSettingsView.swift in Sources */,
				FA2C154A27612368003C7235 /* CardifyModifier.swift in Sources */,
				5B31D8B5274581EB0066FE4F /* RecordManager.swift in Sources */,
				FA2C15462760EE38003C7235 /* SatisfactionIndicator.swift in Sources */,
				5B232D77273D8E4300C157BE /* SplashView.swift in Sources */,
				5B5BF044273C70D70045AAEB /* ProfileManager.swift in Sources */,
				FA26D84A27678D0B00086AD8 /* ProfileHeader.swift in Sources */,
				5B2CF1D427482555004D2A50 /* PlaceholderModifier.swift in Sources */,
				FA5EB902275A905700B907F1 /* GameCard.swift in Sources */,
				FA2C15442760EDC5003C7235 /* RoundedCornerModifier.swift in Sources */,
				FA2A3C3F274419DA00DD26AA /* PuzzleBoardView.swift in Sources */,
				5B2CF1D027480F74004D2A50 /* TeacherRegisterView.swift in Sources */,
				FA4EB1062735A4870027D188 /* ContentView.swift in Sources */,
				5B2CF1D227481B13004D2A50 /* Game.swift in Sources */,
				FA21EADA274D4DDE0009AAC0 /* ColorPickerView.swift in Sources */,
				FA4EB1182735B85E0027D188 /* QuebraCabecaImagePickerView.swift in Sources */,
				FA2A3C3D274419B000DD26AA /* PuzzleConfiguration.swift in Sources */,
				FA28F5D527431FDD00B128C3 /* QuebraCabecaPreview.swift in Sources */,
				5B2CF1D827484146004D2A50 /* RecordModel.swift in Sources */,
				FA4EB11C2735BB130027D188 /* ImagePicker.swift in Sources */,
				5B2AB098274EB9BC0001B90C /* DesempenhoDetalheView.swift in Sources */,
				5B2CFAD4274C10A600239705 /* BackgroundBlurView.swift in Sources */,
				5B31D8B327457A090066FE4F /* GameFinishView.swift in Sources */,
				5B290318273AF45300F52700 /* DashboardView.swift in Sources */,
				5B232D7C273DB18600C157BE /* ProfileModel.swift in Sources */,
				FA4EB1042735A4870027D188 /* Mini3App.swift in Sources */,
				FA308128273D652D007D94D2 /* QuebraCabecaGameView.swift in Sources */,
				FA2C155027612790003C7235 /* BlockedModifier.swift in Sources */,
				FADE63D8274C11B100F0E8E9 /* PlaySoundMethod.swift in Sources */,
				FA08CFA927457B90003A8ED6 /* NavAppearenceModifier.swift in Sources */,
				5B5BF03D273C50640045AAEB /* DashboardManager.swift in Sources */,
				5B2CF1CE27480DF6004D2A50 /* FinishMenuView.swift in Sources */,
				FA49159F27396B1D004F410B /* QuebraCabecaStartView.swift in Sources */,
				FA34DE492746DB4B00559930 /* ToggleSettingView.swift in Sources */,
				5B232D7F273DBEA900C157BE /* ConditionalModifier.swift in Sources */,
				FA26D8482767709D00086AD8 /* ViewWillDisapearModifier.swift in Sources */,
				FA2C155327622E5B003C7235 /* DragAndDropGame.swift in Sources */,
				FA9356FE273999550005776C /* ImageExtension.swift in Sources */,
				FA7D6B1027580A6C005112FB /* SelectedProfileManager.swift in Sources */,
				FA2AE7C12763DBEE005A153A /* OrderedModifier.swift in Sources */,
				FA261AB2274818AC00890053 /* QuebraCabecaProgressView.swift in Sources */,
				FA2A3C372744178E00DD26AA /* PuzzlePieceManager.swift in Sources */,
				FA21EAD4274D37DC0009AAC0 /* RightPannelView.swift in Sources */,
				FA2A3C4127441A0600DD26AA /* PuzzlePieceView.swift in Sources */,
				5B5BF042273C66760045AAEB /* ProfileView.swift in Sources */,
				5B5BF03F273C5BC90045AAEB /* GameCoverModel.swift in Sources */,
				FA08CFA52745562F003A8ED6 /* GameDashboardView.swift in Sources */,
			);
			runOnlyForDeploymentPostprocessing = 0;
		};
/* End PBXSourcesBuildPhase section */

/* Begin XCBuildConfiguration section */
		FA4EB10C2735A48A0027D188 /* Debug */ = {
			isa = XCBuildConfiguration;
			buildSettings = {
				ALWAYS_SEARCH_USER_PATHS = NO;
				CLANG_ANALYZER_NONNULL = YES;
				CLANG_ANALYZER_NUMBER_OBJECT_CONVERSION = YES_AGGRESSIVE;
				CLANG_CXX_LANGUAGE_STANDARD = "gnu++17";
				CLANG_CXX_LIBRARY = "libc++";
				CLANG_ENABLE_MODULES = YES;
				CLANG_ENABLE_OBJC_ARC = YES;
				CLANG_ENABLE_OBJC_WEAK = YES;
				CLANG_WARN_BLOCK_CAPTURE_AUTORELEASING = YES;
				CLANG_WARN_BOOL_CONVERSION = YES;
				CLANG_WARN_COMMA = YES;
				CLANG_WARN_CONSTANT_CONVERSION = YES;
				CLANG_WARN_DEPRECATED_OBJC_IMPLEMENTATIONS = YES;
				CLANG_WARN_DIRECT_OBJC_ISA_USAGE = YES_ERROR;
				CLANG_WARN_DOCUMENTATION_COMMENTS = YES;
				CLANG_WARN_EMPTY_BODY = YES;
				CLANG_WARN_ENUM_CONVERSION = YES;
				CLANG_WARN_INFINITE_RECURSION = YES;
				CLANG_WARN_INT_CONVERSION = YES;
				CLANG_WARN_NON_LITERAL_NULL_CONVERSION = YES;
				CLANG_WARN_OBJC_IMPLICIT_RETAIN_SELF = YES;
				CLANG_WARN_OBJC_LITERAL_CONVERSION = YES;
				CLANG_WARN_OBJC_ROOT_CLASS = YES_ERROR;
				CLANG_WARN_QUOTED_INCLUDE_IN_FRAMEWORK_HEADER = YES;
				CLANG_WARN_RANGE_LOOP_ANALYSIS = YES;
				CLANG_WARN_STRICT_PROTOTYPES = YES;
				CLANG_WARN_SUSPICIOUS_MOVE = YES;
				CLANG_WARN_UNGUARDED_AVAILABILITY = YES_AGGRESSIVE;
				CLANG_WARN_UNREACHABLE_CODE = YES;
				CLANG_WARN__DUPLICATE_METHOD_MATCH = YES;
				COPY_PHASE_STRIP = NO;
				DEBUG_INFORMATION_FORMAT = dwarf;
				ENABLE_STRICT_OBJC_MSGSEND = YES;
				ENABLE_TESTABILITY = YES;
				GCC_C_LANGUAGE_STANDARD = gnu11;
				GCC_DYNAMIC_NO_PIC = NO;
				GCC_NO_COMMON_BLOCKS = YES;
				GCC_OPTIMIZATION_LEVEL = 0;
				GCC_PREPROCESSOR_DEFINITIONS = (
					"DEBUG=1",
					"$(inherited)",
				);
				GCC_WARN_64_TO_32_BIT_CONVERSION = YES;
				GCC_WARN_ABOUT_RETURN_TYPE = YES_ERROR;
				GCC_WARN_UNDECLARED_SELECTOR = YES;
				GCC_WARN_UNINITIALIZED_AUTOS = YES_AGGRESSIVE;
				GCC_WARN_UNUSED_FUNCTION = YES;
				GCC_WARN_UNUSED_VARIABLE = YES;
				IPHONEOS_DEPLOYMENT_TARGET = 15.0;
				MTL_ENABLE_DEBUG_INFO = INCLUDE_SOURCE;
				MTL_FAST_MATH = YES;
				ONLY_ACTIVE_ARCH = YES;
				SDKROOT = iphoneos;
				SWIFT_ACTIVE_COMPILATION_CONDITIONS = DEBUG;
				SWIFT_OPTIMIZATION_LEVEL = "-Onone";
			};
			name = Debug;
		};
		FA4EB10D2735A48A0027D188 /* Release */ = {
			isa = XCBuildConfiguration;
			buildSettings = {
				ALWAYS_SEARCH_USER_PATHS = NO;
				CLANG_ANALYZER_NONNULL = YES;
				CLANG_ANALYZER_NUMBER_OBJECT_CONVERSION = YES_AGGRESSIVE;
				CLANG_CXX_LANGUAGE_STANDARD = "gnu++17";
				CLANG_CXX_LIBRARY = "libc++";
				CLANG_ENABLE_MODULES = YES;
				CLANG_ENABLE_OBJC_ARC = YES;
				CLANG_ENABLE_OBJC_WEAK = YES;
				CLANG_WARN_BLOCK_CAPTURE_AUTORELEASING = YES;
				CLANG_WARN_BOOL_CONVERSION = YES;
				CLANG_WARN_COMMA = YES;
				CLANG_WARN_CONSTANT_CONVERSION = YES;
				CLANG_WARN_DEPRECATED_OBJC_IMPLEMENTATIONS = YES;
				CLANG_WARN_DIRECT_OBJC_ISA_USAGE = YES_ERROR;
				CLANG_WARN_DOCUMENTATION_COMMENTS = YES;
				CLANG_WARN_EMPTY_BODY = YES;
				CLANG_WARN_ENUM_CONVERSION = YES;
				CLANG_WARN_INFINITE_RECURSION = YES;
				CLANG_WARN_INT_CONVERSION = YES;
				CLANG_WARN_NON_LITERAL_NULL_CONVERSION = YES;
				CLANG_WARN_OBJC_IMPLICIT_RETAIN_SELF = YES;
				CLANG_WARN_OBJC_LITERAL_CONVERSION = YES;
				CLANG_WARN_OBJC_ROOT_CLASS = YES_ERROR;
				CLANG_WARN_QUOTED_INCLUDE_IN_FRAMEWORK_HEADER = YES;
				CLANG_WARN_RANGE_LOOP_ANALYSIS = YES;
				CLANG_WARN_STRICT_PROTOTYPES = YES;
				CLANG_WARN_SUSPICIOUS_MOVE = YES;
				CLANG_WARN_UNGUARDED_AVAILABILITY = YES_AGGRESSIVE;
				CLANG_WARN_UNREACHABLE_CODE = YES;
				CLANG_WARN__DUPLICATE_METHOD_MATCH = YES;
				COPY_PHASE_STRIP = NO;
				DEBUG_INFORMATION_FORMAT = "dwarf-with-dsym";
				ENABLE_NS_ASSERTIONS = NO;
				ENABLE_STRICT_OBJC_MSGSEND = YES;
				GCC_C_LANGUAGE_STANDARD = gnu11;
				GCC_NO_COMMON_BLOCKS = YES;
				GCC_WARN_64_TO_32_BIT_CONVERSION = YES;
				GCC_WARN_ABOUT_RETURN_TYPE = YES_ERROR;
				GCC_WARN_UNDECLARED_SELECTOR = YES;
				GCC_WARN_UNINITIALIZED_AUTOS = YES_AGGRESSIVE;
				GCC_WARN_UNUSED_FUNCTION = YES;
				GCC_WARN_UNUSED_VARIABLE = YES;
				IPHONEOS_DEPLOYMENT_TARGET = 15.0;
				MTL_ENABLE_DEBUG_INFO = NO;
				MTL_FAST_MATH = YES;
				SDKROOT = iphoneos;
				SWIFT_COMPILATION_MODE = wholemodule;
				SWIFT_OPTIMIZATION_LEVEL = "-O";
				VALIDATE_PRODUCT = YES;
			};
			name = Release;
		};
		FA4EB10F2735A48A0027D188 /* Debug */ = {
			isa = XCBuildConfiguration;
			buildSettings = {
				ASSETCATALOG_COMPILER_APPICON_NAME = AppIcon;
				ASSETCATALOG_COMPILER_GLOBAL_ACCENT_COLOR_NAME = AccentColor;
				CODE_SIGN_STYLE = Automatic;
				CURRENT_PROJECT_VERSION = 1;
				DEVELOPMENT_ASSET_PATHS = "\"Mini3/Preview Content\"";
				DEVELOPMENT_TEAM = 8KLVK79M3G;
				ENABLE_PREVIEWS = YES;
				GENERATE_INFOPLIST_FILE = YES;
				INFOPLIST_FILE = Mini3/Info.plist;
				INFOPLIST_KEY_CFBundleDisplayName = Animautas;
				INFOPLIST_KEY_NSCameraUsageDescription = "O App precisa de acesso a camera para utilizar fotos personalizadas";
				INFOPLIST_KEY_UIApplicationSupportsIndirectInputEvents = YES;
				INFOPLIST_KEY_UILaunchScreen_Generation = YES;
				INFOPLIST_KEY_UIRequiresFullScreen = YES;
				INFOPLIST_KEY_UISupportedInterfaceOrientations = "UIInterfaceOrientationLandscapeLeft UIInterfaceOrientationLandscapeRight";
				INFOPLIST_KEY_UISupportedInterfaceOrientations_iPad = "UIInterfaceOrientationLandscapeLeft UIInterfaceOrientationLandscapeRight";
				INFOPLIST_KEY_UISupportedInterfaceOrientations_iPhone = "UIInterfaceOrientationPortrait UIInterfaceOrientationLandscapeLeft UIInterfaceOrientationLandscapeRight";
				IPHONEOS_DEPLOYMENT_TARGET = 15.0;
				LD_RUNPATH_SEARCH_PATHS = (
					"$(inherited)",
					"@executable_path/Frameworks",
				);
				MARKETING_VERSION = 1.0;
				PRODUCT_BUNDLE_IDENTIFIER = "com.balelas.Animautas-";
				PRODUCT_NAME = "$(TARGET_NAME)";
				SWIFT_EMIT_LOC_STRINGS = YES;
				SWIFT_VERSION = 5.0;
				TARGETED_DEVICE_FAMILY = 2;
			};
			name = Debug;
		};
		FA4EB1102735A48A0027D188 /* Release */ = {
			isa = XCBuildConfiguration;
			buildSettings = {
				ASSETCATALOG_COMPILER_APPICON_NAME = AppIcon;
				ASSETCATALOG_COMPILER_GLOBAL_ACCENT_COLOR_NAME = AccentColor;
				CODE_SIGN_STYLE = Automatic;
				CURRENT_PROJECT_VERSION = 1;
				DEVELOPMENT_ASSET_PATHS = "\"Mini3/Preview Content\"";
				DEVELOPMENT_TEAM = 8KLVK79M3G;
				ENABLE_PREVIEWS = YES;
				GENERATE_INFOPLIST_FILE = YES;
				INFOPLIST_FILE = Mini3/Info.plist;
				INFOPLIST_KEY_CFBundleDisplayName = Animautas;
				INFOPLIST_KEY_NSCameraUsageDescription = "O App precisa de acesso a camera para utilizar fotos personalizadas";
				INFOPLIST_KEY_UIApplicationSupportsIndirectInputEvents = YES;
				INFOPLIST_KEY_UILaunchScreen_Generation = YES;
				INFOPLIST_KEY_UIRequiresFullScreen = YES;
				INFOPLIST_KEY_UISupportedInterfaceOrientations = "UIInterfaceOrientationLandscapeLeft UIInterfaceOrientationLandscapeRight";
				INFOPLIST_KEY_UISupportedInterfaceOrientations_iPad = "UIInterfaceOrientationLandscapeLeft UIInterfaceOrientationLandscapeRight";
				INFOPLIST_KEY_UISupportedInterfaceOrientations_iPhone = "UIInterfaceOrientationPortrait UIInterfaceOrientationLandscapeLeft UIInterfaceOrientationLandscapeRight";
				IPHONEOS_DEPLOYMENT_TARGET = 15.0;
				LD_RUNPATH_SEARCH_PATHS = (
					"$(inherited)",
					"@executable_path/Frameworks",
				);
				MARKETING_VERSION = 1.0;
				PRODUCT_BUNDLE_IDENTIFIER = "com.balelas.Animautas-";
				PRODUCT_NAME = "$(TARGET_NAME)";
				SWIFT_EMIT_LOC_STRINGS = YES;
				SWIFT_VERSION = 5.0;
				TARGETED_DEVICE_FAMILY = 2;
			};
			name = Release;
		};
/* End XCBuildConfiguration section */

/* Begin XCConfigurationList section */
		FA4EB0FB2735A4870027D188 /* Build configuration list for PBXProject "Mini3" */ = {
			isa = XCConfigurationList;
			buildConfigurations = (
				FA4EB10C2735A48A0027D188 /* Debug */,
				FA4EB10D2735A48A0027D188 /* Release */,
			);
			defaultConfigurationIsVisible = 0;
			defaultConfigurationName = Release;
		};
		FA4EB10E2735A48A0027D188 /* Build configuration list for PBXNativeTarget "Mini3" */ = {
			isa = XCConfigurationList;
			buildConfigurations = (
				FA4EB10F2735A48A0027D188 /* Debug */,
				FA4EB1102735A48A0027D188 /* Release */,
			);
			defaultConfigurationIsVisible = 0;
			defaultConfigurationName = Release;
		};
/* End XCConfigurationList section */
	};
	rootObject = FA4EB0F82735A4870027D188 /* Project object */;
}
